<?xml version="1.0" encoding="utf-8"?>
<Project ToolsVersion="4.0" xmlns="http://schemas.microsoft.com/developer/msbuild/2003">
  <ItemGroup>
    <Filter Include="Source Files">
      <UniqueIdentifier>{4FC737F1-C7A5-4376-A066-2A32D752A2FF}</UniqueIdentifier>
      <Extensions>cpp;c;cc;cxx;c++;cppm;ixx;def;odl;idl;hpj;bat;asm;asmx</Extensions>
    </Filter>
    <Filter Include="Header Files">
      <UniqueIdentifier>{93995380-89BD-4b04-88EB-625FBE52EBFB}</UniqueIdentifier>
      <Extensions>h;hh;hpp;hxx;h++;hm;inl;inc;ipp;xsd</Extensions>
    </Filter>
    <Filter Include="Service">
      <UniqueIdentifier>{a677c146-1124-46d0-b09b-ea5f9f7725dd}</UniqueIdentifier>
    </Filter>
    <Filter Include="Scanner">
      <UniqueIdentifier>{7dd3e7f2-7fac-4c28-89a4-abe7ecf79b4c}</UniqueIdentifier>
    </Filter>
    <Filter Include="SHA256">
      <UniqueIdentifier>{a265838c-01d3-4504-8ada-73bba41fecd6}</UniqueIdentifier>
    </Filter>
  </ItemGroup>
  <ItemGroup>
    <ClCompile Include="main.cpp">
      <Filter>Source Files</Filter>
    </ClCompile>
    <ClCompile Include="BasesLoader.cpp">
      <Filter>Source Files</Filter>
    </ClCompile>
    <ClCompile Include="Bases.cpp">
      <Filter>Source Files</Filter>
    </ClCompile>
    <ClCompile Include="Service.cpp">
      <Filter>Service</Filter>
    </ClCompile>
    <ClCompile Include="Scanner.cpp">
      <Filter>Scanner</Filter>
    </ClCompile>
    <ClCompile Include="..\SHA256\src\SHA256.cpp">
      <Filter>SHA256</Filter>
    </ClCompile>
    <ClCompile Include="ScanEngine.cpp">
      <Filter>Source Files</Filter>
    </ClCompile>
    <ClCompile Include="ScanObject.cpp">
      <Filter>Source Files</Filter>
    </ClCompile>
    <ClCompile Include="ScheduleScanner.cpp">
      <Filter>Source Files</Filter>
    </ClCompile>
    <ClCompile Include="ScanPathTask.cpp">
      <Filter>Source Files</Filter>
    </ClCompile>
    <ClCompile Include="ScheduleScannerTask.cpp">
      <Filter>Source Files</Filter>
    </ClCompile>
    <ClCompile Include="Monitor.cpp">
      <Filter>Source Files</Filter>
    </ClCompile>
  </ItemGroup>
  <ItemGroup>
    <ClInclude Include="Bases.h">
      <Filter>Header Files</Filter>
    </ClInclude>
    <ClInclude Include="BasesLoader.h">
      <Filter>Header Files</Filter>
    </ClInclude>
    <ClInclude Include="Service.h">
      <Filter>Service</Filter>
    </ClInclude>
    <ClInclude Include="Scanner.h">
      <Filter>Scanner</Filter>
    </ClInclude>
    <ClInclude Include="..\SHA256\include\SHA256.h">
      <Filter>SHA256</Filter>
    </ClInclude>
    <ClInclude Include="ScanEngine.h">
      <Filter>Header Files</Filter>
    </ClInclude>
    <ClInclude Include="ScanObject.h">
      <Filter>Header Files</Filter>
    </ClInclude>
    <ClInclude Include="ScheduleScanner.h">
      <Filter>Header Files</Filter>
    </ClInclude>
    <ClInclude Include="ScanPathTask.h">
      <Filter>Header Files</Filter>
    </ClInclude>
    <ClInclude Include="ScanTaskBase.h">
      <Filter>Header Files</Filter>
    </ClInclude>
    <ClInclude Include="ScheduleScannerTask.h">
      <Filter>Header Files</Filter>
    </ClInclude>
    <ClInclude Include="Monitor.h">
      <Filter>Header Files</Filter>
    </ClInclude>
  </ItemGroup>
</Project>